// !$*UTF8*$!
{
	archiveVersion = 1;
	classes = {
	};
	objectVersion = 55;
	objects = {

/* Begin PBXBuildFile section */
		4817460AAF8F777AF15FC5DE /* Pods_ECG.framework in Frameworks */ = {isa = PBXBuildFile; fileRef = 7F6B2729AFE10F173F6889E5 /* Pods_ECG.framework */; };
		F188A98A282EBD4D004B0772 /* AppDelegate.swift in Sources */ = {isa = PBXBuildFile; fileRef = F188A989282EBD4D004B0772 /* AppDelegate.swift */; };
		F188A98C282EBD4D004B0772 /* SceneDelegate.swift in Sources */ = {isa = PBXBuildFile; fileRef = F188A98B282EBD4D004B0772 /* SceneDelegate.swift */; };
		F188A98E282EBD4E004B0772 /* ViewController.swift in Sources */ = {isa = PBXBuildFile; fileRef = F188A98D282EBD4D004B0772 /* ViewController.swift */; };
		F188A991282EBD4E004B0772 /* Main.storyboard in Resources */ = {isa = PBXBuildFile; fileRef = F188A98F282EBD4E004B0772 /* Main.storyboard */; };
		F188A993282EBD4F004B0772 /* Assets.xcassets in Resources */ = {isa = PBXBuildFile; fileRef = F188A992282EBD4F004B0772 /* Assets.xcassets */; };
		F188A996282EBD4F004B0772 /* LaunchScreen.storyboard in Resources */ = {isa = PBXBuildFile; fileRef = F188A994282EBD4F004B0772 /* LaunchScreen.storyboard */; };
		F188A9A5282EE41A004B0772 /* TorchModule.mm in Sources */ = {isa = PBXBuildFile; fileRef = F188A9A4282EE41A004B0772 /* TorchModule.mm */; };
		F188A9AA282F05F1004B0772 /* Utils.swift in Sources */ = {isa = PBXBuildFile; fileRef = F188A9A9282F05F1004B0772 /* Utils.swift */; };
		F188A9AD282F0751004B0772 /* model_lit.pt in Resources */ = {isa = PBXBuildFile; fileRef = F188A9AC282F0751004B0772 /* model_lit.pt */; };
		F188A9AF282F0758004B0772 /* words.txt in Resources */ = {isa = PBXBuildFile; fileRef = F188A9AE282F0758004B0772 /* words.txt */; };
/* End PBXBuildFile section */

/* Begin PBXFileReference section */
		53D53429F41EB093A76E05DB /* Pods-ECG.debug.xcconfig */ = {isa = PBXFileReference; includeInIndex = 1; lastKnownFileType = text.xcconfig; name = "Pods-ECG.debug.xcconfig"; path = "Target Support Files/Pods-ECG/Pods-ECG.debug.xcconfig"; sourceTree = "<group>"; };
		7F6B2729AFE10F173F6889E5 /* Pods_ECG.framework */ = {isa = PBXFileReference; explicitFileType = wrapper.framework; includeInIndex = 0; path = Pods_ECG.framework; sourceTree = BUILT_PRODUCTS_DIR; };
		E1E844E5A39C8AE367B94AD2 /* Pods-ECG.release.xcconfig */ = {isa = PBXFileReference; includeInIndex = 1; lastKnownFileType = text.xcconfig; name = "Pods-ECG.release.xcconfig"; path = "Target Support Files/Pods-ECG/Pods-ECG.release.xcconfig"; sourceTree = "<group>"; };
		F188A986282EBD4D004B0772 /* ECG.app */ = {isa = PBXFileReference; explicitFileType = wrapper.application; includeInIndex = 0; path = ECG.app; sourceTree = BUILT_PRODUCTS_DIR; };
		F188A989282EBD4D004B0772 /* AppDelegate.swift */ = {isa = PBXFileReference; lastKnownFileType = sourcecode.swift; path = AppDelegate.swift; sourceTree = "<group>"; };
		F188A98B282EBD4D004B0772 /* SceneDelegate.swift */ = {isa = PBXFileReference; lastKnownFileType = sourcecode.swift; path = SceneDelegate.swift; sourceTree = "<group>"; };
		F188A98D282EBD4D004B0772 /* ViewController.swift */ = {isa = PBXFileReference; lastKnownFileType = sourcecode.swift; path = ViewController.swift; sourceTree = "<group>"; };
		F188A990282EBD4E004B0772 /* Base */ = {isa = PBXFileReference; lastKnownFileType = file.storyboard; name = Base; path = Base.lproj/Main.storyboard; sourceTree = "<group>"; };
		F188A992282EBD4F004B0772 /* Assets.xcassets */ = {isa = PBXFileReference; lastKnownFileType = folder.assetcatalog; path = Assets.xcassets; sourceTree = "<group>"; };
		F188A995282EBD4F004B0772 /* Base */ = {isa = PBXFileReference; lastKnownFileType = file.storyboard; name = Base; path = Base.lproj/LaunchScreen.storyboard; sourceTree = "<group>"; };
		F188A997282EBD4F004B0772 /* Info.plist */ = {isa = PBXFileReference; lastKnownFileType = text.plist.xml; path = Info.plist; sourceTree = "<group>"; };
		F188A9A3282EE41A004B0772 /* TorchModule.h */ = {isa = PBXFileReference; fileEncoding = 4; lastKnownFileType = sourcecode.c.h; path = TorchModule.h; sourceTree = "<group>"; };
		F188A9A4282EE41A004B0772 /* TorchModule.mm */ = {isa = PBXFileReference; fileEncoding = 4; lastKnownFileType = sourcecode.cpp.objcpp; path = TorchModule.mm; sourceTree = "<group>"; };
		F188A9A6282EE426004B0772 /* ECG-Bridging-Header.h */ = {isa = PBXFileReference; lastKnownFileType = sourcecode.c.h; path = "ECG-Bridging-Header.h"; sourceTree = "<group>"; };
		F188A9A9282F05F1004B0772 /* Utils.swift */ = {isa = PBXFileReference; lastKnownFileType = sourcecode.swift; path = Utils.swift; sourceTree = "<group>"; };
		F188A9AC282F0751004B0772 /* model_lit.pt */ = {isa = PBXFileReference; lastKnownFileType = file; path = model_lit.pt; sourceTree = "<group>"; };
		F188A9AE282F0758004B0772 /* words.txt */ = {isa = PBXFileReference; fileEncoding = 4; lastKnownFileType = text; path = words.txt; sourceTree = "<group>"; };
/* End PBXFileReference section */

/* Begin PBXFrameworksBuildPhase section */
		F188A983282EBD4D004B0772 /* Frameworks */ = {
			isa = PBXFrameworksBuildPhase;
			buildActionMask = 2147483647;
			files = (
				4817460AAF8F777AF15FC5DE /* Pods_ECG.framework in Frameworks */,
			);
			runOnlyForDeploymentPostprocessing = 0;
		};
/* End PBXFrameworksBuildPhase section */

/* Begin PBXGroup section */
		B2ECF8CD7E5B1E2C5E6B2232 /* Frameworks */ = {
			isa = PBXGroup;
			children = (
				7F6B2729AFE10F173F6889E5 /* Pods_ECG.framework */,
			);
			name = Frameworks;
			sourceTree = "<group>";
		};
		EF00D8A2D026153BD2382F03 /* Pods */ = {
			isa = PBXGroup;
			children = (
				53D53429F41EB093A76E05DB /* Pods-ECG.debug.xcconfig */,
				E1E844E5A39C8AE367B94AD2 /* Pods-ECG.release.xcconfig */,
			);
			path = Pods;
			sourceTree = "<group>";
		};
		F188A97D282EBD4D004B0772 = {
			isa = PBXGroup;
			children = (
				F188A988282EBD4D004B0772 /* ECG */,
				F188A987282EBD4D004B0772 /* Products */,
				EF00D8A2D026153BD2382F03 /* Pods */,
				B2ECF8CD7E5B1E2C5E6B2232 /* Frameworks */,
			);
			sourceTree = "<group>";
		};
		F188A987282EBD4D004B0772 /* Products */ = {
			isa = PBXGroup;
			children = (
				F188A986282EBD4D004B0772 /* ECG.app */,
			);
			name = Products;
			sourceTree = "<group>";
		};
		F188A988282EBD4D004B0772 /* ECG */ = {
			isa = PBXGroup;
			children = (
				F188A9AB282F073A004B0772 /* Model */,
				F188A99D282EBDE0004B0772 /* Torch Module */,
				F188A989282EBD4D004B0772 /* AppDelegate.swift */,
				F188A98B282EBD4D004B0772 /* SceneDelegate.swift */,
				F188A98D282EBD4D004B0772 /* ViewController.swift */,
				F188A98F282EBD4E004B0772 /* Main.storyboard */,
				F188A992282EBD4F004B0772 /* Assets.xcassets */,
				F188A994282EBD4F004B0772 /* LaunchScreen.storyboard */,
				F188A997282EBD4F004B0772 /* Info.plist */,
				F188A9A9282F05F1004B0772 /* Utils.swift */,
			);
			path = ECG;
			sourceTree = "<group>";
		};
		F188A99D282EBDE0004B0772 /* Torch Module */ = {
			isa = PBXGroup;
			children = (
				F188A9A6282EE426004B0772 /* ECG-Bridging-Header.h */,
				F188A9A3282EE41A004B0772 /* TorchModule.h */,
				F188A9A4282EE41A004B0772 /* TorchModule.mm */,
			);
			path = "Torch Module";
			sourceTree = "<group>";
		};
		F188A9AB282F073A004B0772 /* Model */ = {
			isa = PBXGroup;
			children = (
				F188A9AE282F0758004B0772 /* words.txt */,
				F188A9AC282F0751004B0772 /* model_lit.pt */,
			);
			path = Model;
			sourceTree = "<group>";
		};
/* End PBXGroup section */

/* Begin PBXNativeTarget section */
		F188A985282EBD4D004B0772 /* ECG */ = {
			isa = PBXNativeTarget;
			buildConfigurationList = F188A99A282EBD4F004B0772 /* Build configuration list for PBXNativeTarget "ECG" */;
			buildPhases = (
				B79B314F0C1C315A65CE9288 /* [CP] Check Pods Manifest.lock */,
				F188A982282EBD4D004B0772 /* Sources */,
				F188A983282EBD4D004B0772 /* Frameworks */,
				F188A984282EBD4D004B0772 /* Resources */,
			);
			buildRules = (
			);
			dependencies = (
			);
			name = ECG;
			productName = ECG;
			productReference = F188A986282EBD4D004B0772 /* ECG.app */;
			productType = "com.apple.product-type.application";
		};
/* End PBXNativeTarget section */

/* Begin PBXProject section */
		F188A97E282EBD4D004B0772 /* Project object */ = {
			isa = PBXProject;
			attributes = {
				BuildIndependentTargetsInParallel = 1;
				LastSwiftUpdateCheck = 1330;
				LastUpgradeCheck = 1330;
				TargetAttributes = {
					F188A985282EBD4D004B0772 = {
						CreatedOnToolsVersion = 13.3;
						LastSwiftMigration = 1330;
					};
				};
			};
			buildConfigurationList = F188A981282EBD4D004B0772 /* Build configuration list for PBXProject "ECG" */;
			compatibilityVersion = "Xcode 13.0";
			developmentRegion = en;
			hasScannedForEncodings = 0;
			knownRegions = (
				en,
				Base,
			);
			mainGroup = F188A97D282EBD4D004B0772;
			productRefGroup = F188A987282EBD4D004B0772 /* Products */;
			projectDirPath = "";
			projectRoot = "";
			targets = (
				F188A985282EBD4D004B0772 /* ECG */,
			);
		};
/* End PBXProject section */

/* Begin PBXResourcesBuildPhase section */
		F188A984282EBD4D004B0772 /* Resources */ = {
			isa = PBXResourcesBuildPhase;
			buildActionMask = 2147483647;
			files = (
				F188A996282EBD4F004B0772 /* LaunchScreen.storyboard in Resources */,
				F188A993282EBD4F004B0772 /* Assets.xcassets in Resources */,
				F188A991282EBD4E004B0772 /* Main.storyboard in Resources */,
				F188A9AF282F0758004B0772 /* words.txt in Resources */,
				F188A9AD282F0751004B0772 /* model_lit.pt in Resources */,
			);
			runOnlyForDeploymentPostprocessing = 0;
		};
/* End PBXResourcesBuildPhase section */

/* Begin PBXShellScriptBuildPhase section */
		B79B314F0C1C315A65CE9288 /* [CP] Check Pods Manifest.lock */ = {
			isa = PBXShellScriptBuildPhase;
			buildActionMask = 2147483647;
			files = (
			);
			inputFileListPaths = (
			);
			inputPaths = (
				"${PODS_PODFILE_DIR_PATH}/Podfile.lock",
				"${PODS_ROOT}/Manifest.lock",
			);
			name = "[CP] Check Pods Manifest.lock";
			outputFileListPaths = (
			);
			outputPaths = (
				"$(DERIVED_FILE_DIR)/Pods-ECG-checkManifestLockResult.txt",
			);
			runOnlyForDeploymentPostprocessing = 0;
			shellPath = /bin/sh;
			shellScript = "diff \"${PODS_PODFILE_DIR_PATH}/Podfile.lock\" \"${PODS_ROOT}/Manifest.lock\" > /dev/null\nif [ $? != 0 ] ; then\n    # print error to STDERR\n    echo \"error: The sandbox is not in sync with the Podfile.lock. Run 'pod install' or update your CocoaPods installation.\" >&2\n    exit 1\nfi\n# This output is used by Xcode 'outputs' to avoid re-running this script phase.\necho \"SUCCESS\" > \"${SCRIPT_OUTPUT_FILE_0}\"\n";
			showEnvVarsInLog = 0;
		};
/* End PBXShellScriptBuildPhase section */

/* Begin PBXSourcesBuildPhase section */
		F188A982282EBD4D004B0772 /* Sources */ = {
			isa = PBXSourcesBuildPhase;
			buildActionMask = 2147483647;
			files = (
				F188A9A5282EE41A004B0772 /* TorchModule.mm in Sources */,
				F188A98E282EBD4E004B0772 /* ViewController.swift in Sources */,
				F188A98A282EBD4D004B0772 /* AppDelegate.swift in Sources */,
				F188A98C282EBD4D004B0772 /* SceneDelegate.swift in Sources */,
				F188A9AA282F05F1004B0772 /* Utils.swift in Sources */,
			);
			runOnlyForDeploymentPostprocessing = 0;
		};
/* End PBXSourcesBuildPhase section */

/* Begin PBXVariantGroup section */
		F188A98F282EBD4E004B0772 /* Main.storyboard */ = {
			isa = PBXVariantGroup;
			children = (
				F188A990282EBD4E004B0772 /* Base */,
			);
			name = Main.storyboard;
			sourceTree = "<group>";
		};
		F188A994282EBD4F004B0772 /* LaunchScreen.storyboard */ = {
			isa = PBXVariantGroup;
			children = (
				F188A995282EBD4F004B0772 /* Base */,
			);
			name = LaunchScreen.storyboard;
			sourceTree = "<group>";
		};
/* End PBXVariantGroup section */

/* Begin XCBuildConfiguration section */
		F188A998282EBD4F004B0772 /* Debug */ = {
			isa = XCBuildConfiguration;
			buildSettings = {
				ALWAYS_SEARCH_USER_PATHS = NO;
				CLANG_ANALYZER_NONNULL = YES;
				CLANG_ANALYZER_NUMBER_OBJECT_CONVERSION = YES_AGGRESSIVE;
				CLANG_CXX_LANGUAGE_STANDARD = "gnu++17";
				CLANG_ENABLE_MODULES = YES;
				CLANG_ENABLE_OBJC_ARC = YES;
				CLANG_ENABLE_OBJC_WEAK = YES;
				CLANG_WARN_BLOCK_CAPTURE_AUTORELEASING = YES;
				CLANG_WARN_BOOL_CONVERSION = YES;
				CLANG_WARN_COMMA = YES;
				CLANG_WARN_CONSTANT_CONVERSION = YES;
				CLANG_WARN_DEPRECATED_OBJC_IMPLEMENTATIONS = YES;
				CLANG_WARN_DIRECT_OBJC_ISA_USAGE = YES_ERROR;
				CLANG_WARN_DOCUMENTATION_COMMENTS = YES;
				CLANG_WARN_EMPTY_BODY = YES;
				CLANG_WARN_ENUM_CONVERSION = YES;
				CLANG_WARN_INFINITE_RECURSION = YES;
				CLANG_WARN_INT_CONVERSION = YES;
				CLANG_WARN_NON_LITERAL_NULL_CONVERSION = YES;
				CLANG_WARN_OBJC_IMPLICIT_RETAIN_SELF = YES;
				CLANG_WARN_OBJC_LITERAL_CONVERSION = YES;
				CLANG_WARN_OBJC_ROOT_CLASS = YES_ERROR;
				CLANG_WARN_QUOTED_INCLUDE_IN_FRAMEWORK_HEADER = YES;
				CLANG_WARN_RANGE_LOOP_ANALYSIS = YES;
				CLANG_WARN_STRICT_PROTOTYPES = YES;
				CLANG_WARN_SUSPICIOUS_MOVE = YES;
				CLANG_WARN_UNGUARDED_AVAILABILITY = YES_AGGRESSIVE;
				CLANG_WARN_UNREACHABLE_CODE = YES;
				CLANG_WARN__DUPLICATE_METHOD_MATCH = YES;
				COPY_PHASE_STRIP = NO;
				DEBUG_INFORMATION_FORMAT = dwarf;
				ENABLE_STRICT_OBJC_MSGSEND = YES;
				ENABLE_TESTABILITY = YES;
				GCC_C_LANGUAGE_STANDARD = gnu11;
				GCC_DYNAMIC_NO_PIC = NO;
				GCC_NO_COMMON_BLOCKS = YES;
				GCC_OPTIMIZATION_LEVEL = 0;
				GCC_PREPROCESSOR_DEFINITIONS = (
					"DEBUG=1",
					"$(inherited)",
				);
				GCC_WARN_64_TO_32_BIT_CONVERSION = YES;
				GCC_WARN_ABOUT_RETURN_TYPE = YES_ERROR;
				GCC_WARN_UNDECLARED_SELECTOR = YES;
				GCC_WARN_UNINITIALIZED_AUTOS = YES_AGGRESSIVE;
				GCC_WARN_UNUSED_FUNCTION = YES;
				GCC_WARN_UNUSED_VARIABLE = YES;
				IPHONEOS_DEPLOYMENT_TARGET = 15.4;
				MTL_ENABLE_DEBUG_INFO = INCLUDE_SOURCE;
				MTL_FAST_MATH = YES;
				ONLY_ACTIVE_ARCH = YES;
				SDKROOT = iphoneos;
				SWIFT_ACTIVE_COMPILATION_CONDITIONS = DEBUG;
				SWIFT_OPTIMIZATION_LEVEL = "-Onone";
			};
			name = Debug;
		};
		F188A999282EBD4F004B0772 /* Release */ = {
			isa = XCBuildConfiguration;
			buildSettings = {
				ALWAYS_SEARCH_USER_PATHS = NO;
				CLANG_ANALYZER_NONNULL = YES;
				CLANG_ANALYZER_NUMBER_OBJECT_CONVERSION = YES_AGGRESSIVE;
				CLANG_CXX_LANGUAGE_STANDARD = "gnu++17";
				CLANG_ENABLE_MODULES = YES;
				CLANG_ENABLE_OBJC_ARC = YES;
				CLANG_ENABLE_OBJC_WEAK = YES;
				CLANG_WARN_BLOCK_CAPTURE_AUTORELEASING = YES;
				CLANG_WARN_BOOL_CONVERSION = YES;
				CLANG_WARN_COMMA = YES;
				CLANG_WARN_CONSTANT_CONVERSION = YES;
				CLANG_WARN_DEPRECATED_OBJC_IMPLEMENTATIONS = YES;
				CLANG_WARN_DIRECT_OBJC_ISA_USAGE = YES_ERROR;
				CLANG_WARN_DOCUMENTATION_COMMENTS = YES;
				CLANG_WARN_EMPTY_BODY = YES;
				CLANG_WARN_ENUM_CONVERSION = YES;
				CLANG_WARN_INFINITE_RECURSION = YES;
				CLANG_WARN_INT_CONVERSION = YES;
				CLANG_WARN_NON_LITERAL_NULL_CONVERSION = YES;
				CLANG_WARN_OBJC_IMPLICIT_RETAIN_SELF = YES;
				CLANG_WARN_OBJC_LITERAL_CONVERSION = YES;
				CLANG_WARN_OBJC_ROOT_CLASS = YES_ERROR;
				CLANG_WARN_QUOTED_INCLUDE_IN_FRAMEWORK_HEADER = YES;
				CLANG_WARN_RANGE_LOOP_ANALYSIS = YES;
				CLANG_WARN_STRICT_PROTOTYPES = YES;
				CLANG_WARN_SUSPICIOUS_MOVE = YES;
				CLANG_WARN_UNGUARDED_AVAILABILITY = YES_AGGRESSIVE;
				CLANG_WARN_UNREACHABLE_CODE = YES;
				CLANG_WARN__DUPLICATE_METHOD_MATCH = YES;
				COPY_PHASE_STRIP = NO;
				DEBUG_INFORMATION_FORMAT = "dwarf-with-dsym";
				ENABLE_NS_ASSERTIONS = NO;
				ENABLE_STRICT_OBJC_MSGSEND = YES;
				GCC_C_LANGUAGE_STANDARD = gnu11;
				GCC_NO_COMMON_BLOCKS = YES;
				GCC_WARN_64_TO_32_BIT_CONVERSION = YES;
				GCC_WARN_ABOUT_RETURN_TYPE = YES_ERROR;
				GCC_WARN_UNDECLARED_SELECTOR = YES;
				GCC_WARN_UNINITIALIZED_AUTOS = YES_AGGRESSIVE;
				GCC_WARN_UNUSED_FUNCTION = YES;
				GCC_WARN_UNUSED_VARIABLE = YES;
				IPHONEOS_DEPLOYMENT_TARGET = 15.4;
				MTL_ENABLE_DEBUG_INFO = NO;
				MTL_FAST_MATH = YES;
				SDKROOT = iphoneos;
				SWIFT_COMPILATION_MODE = wholemodule;
				SWIFT_OPTIMIZATION_LEVEL = "-O";
				VALIDATE_PRODUCT = YES;
			};
			name = Release;
		};
		F188A99B282EBD4F004B0772 /* Debug */ = {
			isa = XCBuildConfiguration;
			baseConfigurationReference = 53D53429F41EB093A76E05DB /* Pods-ECG.debug.xcconfig */;
			buildSettings = {
				ASSETCATALOG_COMPILER_APPICON_NAME = AppIcon;
				ASSETCATALOG_COMPILER_GLOBAL_ACCENT_COLOR_NAME = AccentColor;
				CLANG_ENABLE_MODULES = YES;
				CODE_SIGN_STYLE = Automatic;
				CURRENT_PROJECT_VERSION = 1;
				DEVELOPMENT_TEAM = JQWAFPW3Q8;
				ENABLE_BITCODE = NO;
				GENERATE_INFOPLIST_FILE = YES;
				INFOPLIST_FILE = ECG/Info.plist;
				INFOPLIST_KEY_UIApplicationSupportsIndirectInputEvents = YES;
				INFOPLIST_KEY_UILaunchStoryboardName = LaunchScreen;
				INFOPLIST_KEY_UIMainStoryboardFile = Main;
				INFOPLIST_KEY_UISupportedInterfaceOrientations_iPad = "UIInterfaceOrientationPortrait UIInterfaceOrientationPortraitUpsideDown UIInterfaceOrientationLandscapeLeft UIInterfaceOrientationLandscapeRight";
				INFOPLIST_KEY_UISupportedInterfaceOrientations_iPhone = "UIInterfaceOrientationPortrait UIInterfaceOrientationLandscapeLeft UIInterfaceOrientationLandscapeRight";
				LD_RUNPATH_SEARCH_PATHS = (
					"$(inherited)",
					"@executable_path/Frameworks",
				);
				MARKETING_VERSION = 1.0;
				NEW_SETTING = "";
				PRODUCT_BUNDLE_IDENTIFIER = com.codeml.ECG;
				PRODUCT_NAME = "$(TARGET_NAME)";
				SWIFT_EMIT_LOC_STRINGS = YES;
				SWIFT_OBJC_BRIDGING_HEADER = "ECG/Torch Module/ECG-Bridging-Header.h";
				SWIFT_OPTIMIZATION_LEVEL = "-Onone";
				SWIFT_VERSION = 5.0;
				TARGETED_DEVICE_FAMILY = "1,2";
			};
			name = Debug;
		};
		F188A99C282EBD4F004B0772 /* Release */ = {
			isa = XCBuildConfiguration;
			baseConfigurationReference = E1E844E5A39C8AE367B94AD2 /* Pods-ECG.release.xcconfig */;
			buildSettings = {
				ASSETCATALOG_COMPILER_APPICON_NAME = AppIcon;
				ASSETCATALOG_COMPILER_GLOBAL_ACCENT_COLOR_NAME = AccentColor;
				CLANG_ENABLE_MODULES = YES;
				CODE_SIGN_STYLE = Automatic;
				CURRENT_PROJECT_VERSION = 1;
				DEVELOPMENT_TEAM = JQWAFPW3Q8;
				ENABLE_BITCODE = NO;
				GENERATE_INFOPLIST_FILE = YES;
				INFOPLIST_FILE = ECG/Info.plist;
				INFOPLIST_KEY_UIApplicationSupportsIndirectInputEvents = YES;
				INFOPLIST_KEY_UILaunchStoryboardName = LaunchScreen;
				INFOPLIST_KEY_UIMainStoryboardFile = Main;
				INFOPLIST_KEY_UISupportedInterfaceOrientations_iPad = "UIInterfaceOrientationPortrait UIInterfaceOrientationPortraitUpsideDown UIInterfaceOrientationLandscapeLeft UIInterfaceOrientationLandscapeRight";
				INFOPLIST_KEY_UISupportedInterfaceOrientations_iPhone = "UIInterfaceOrientationPortrait UIInterfaceOrientationLandscapeLeft UIInterfaceOrientationLandscapeRight";
				LD_RUNPATH_SEARCH_PATHS = (
					"$(inherited)",
					"@executable_path/Frameworks",
				);
				MARKETING_VERSION = 1.0;
				NEW_SETTING = "";
				PRODUCT_BUNDLE_IDENTIFIER = com.codeml.ECG;
				PRODUCT_NAME = "$(TARGET_NAME)";
				SWIFT_EMIT_LOC_STRINGS = YES;
				SWIFT_OBJC_BRIDGING_HEADER = "ECG/Torch Module/ECG-Bridging-Header.h";
				SWIFT_VERSION = 5.0;
				TARGETED_DEVICE_FAMILY = "1,2";
			};
			name = Release;
		};
/* End XCBuildConfiguration section */

/* Begin XCConfigurationList section */
		F188A981282EBD4D004B0772 /* Build configuration list for PBXProject "ECG" */ = {
			isa = XCConfigurationList;
			buildConfigurations = (
				F188A998282EBD4F004B0772 /* Debug */,
				F188A999282EBD4F004B0772 /* Release */,
			);
			defaultConfigurationIsVisible = 0;
			defaultConfigurationName = Release;
		};
		F188A99A282EBD4F004B0772 /* Build configuration list for PBXNativeTarget "ECG" */ = {
			isa = XCConfigurationList;
			buildConfigurations = (
				F188A99B282EBD4F004B0772 /* Debug */,
				F188A99C282EBD4F004B0772 /* Release */,
			);
			defaultConfigurationIsVisible = 0;
			defaultConfigurationName = Release;
		};
/* End XCConfigurationList section */
	};
	rootObject = F188A97E282EBD4D004B0772 /* Project object */;
}
